// !$*UTF8*$!
{
	archiveVersion = 1;
	classes = {
	};
	objectVersion = 56;
	objects = {

/* Begin PBXBuildFile section */
		05238D3A2BA755A700F65161 /* ExtensionCollectionView.swift in Sources */ = {isa = PBXBuildFile; fileRef = 05238D392BA755A700F65161 /* ExtensionCollectionView.swift */; };
		05238D3D2BA7BBB600F65161 /* Kingfisher in Frameworks */ = {isa = PBXBuildFile; productRef = 05238D3C2BA7BBB600F65161 /* Kingfisher */; };
		05238D402BA82A8A00F65161 /* ScreenDetailsControllerView.swift in Sources */ = {isa = PBXBuildFile; fileRef = 05238D3F2BA82A8A00F65161 /* ScreenDetailsControllerView.swift */; };
		053F2FE82B98872500FFBB5F /* CollectionViewCell.swift in Sources */ = {isa = PBXBuildFile; fileRef = 053F2FE72B98872500FFBB5F /* CollectionViewCell.swift */; };
		0545D7C52B9B18BF009E55F5 /* Localizable.strings in Resources */ = {isa = PBXBuildFile; fileRef = 0545D7C42B9B18BF009E55F5 /* Localizable.strings */; };
		0545D7C72B9B1F22009E55F5 /* Inter-Bold.otf in Resources */ = {isa = PBXBuildFile; fileRef = 0545D7C62B9B1F22009E55F5 /* Inter-Bold.otf */; };
		0545D7C92B9B1F35009E55F5 /* Inter-Regular.otf in Resources */ = {isa = PBXBuildFile; fileRef = 0545D7C82B9B1F35009E55F5 /* Inter-Regular.otf */; };
		0551C6572B9AA5A500B6881A /* CustomLayout.swift in Sources */ = {isa = PBXBuildFile; fileRef = 0551C6562B9AA5A500B6881A /* CustomLayout.swift */; };
		055853692B9AFCAA0046CA09 /* CollectionView.swift in Sources */ = {isa = PBXBuildFile; fileRef = 055853682B9AFCAA0046CA09 /* CollectionView.swift */; };
		059611682BA6CA4000E1BA02 /* ExtensionUIImage.swift in Sources */ = {isa = PBXBuildFile; fileRef = 059611672BA6CA4000E1BA02 /* ExtensionUIImage.swift */; };
		05A35E1D2B98483300E002EB /* FontSize.swift in Sources */ = {isa = PBXBuildFile; fileRef = 05A35E1C2B98483300E002EB /* FontSize.swift */; };
		05A35E322B986CC500E002EB /* Cards.swift in Sources */ = {isa = PBXBuildFile; fileRef = 05A35E312B986CC500E002EB /* Cards.swift */; };
		05A44C752B9B2ECA00DDF0D9 /* TriangleView.swift in Sources */ = {isa = PBXBuildFile; fileRef = 05A44C742B9B2ECA00DDF0D9 /* TriangleView.swift */; };
		05FEA7902B8BBD5C00C81A8C /* AppDelegate.swift in Sources */ = {isa = PBXBuildFile; fileRef = 05FEA78F2B8BBD5C00C81A8C /* AppDelegate.swift */; };
		05FEA7922B8BBD5C00C81A8C /* SceneDelegate.swift in Sources */ = {isa = PBXBuildFile; fileRef = 05FEA7912B8BBD5C00C81A8C /* SceneDelegate.swift */; };
		05FEA7942B8BBD5C00C81A8C /* ViewController.swift in Sources */ = {isa = PBXBuildFile; fileRef = 05FEA7932B8BBD5C00C81A8C /* ViewController.swift */; };
		05FEA7992B8BBD5D00C81A8C /* Assets.xcassets in Resources */ = {isa = PBXBuildFile; fileRef = 05FEA7982B8BBD5D00C81A8C /* Assets.xcassets */; };
		05FEA7A42B8BBE3400C81A8C /* .gitignore in Resources */ = {isa = PBXBuildFile; fileRef = 05FEA7A32B8BBE3400C81A8C /* .gitignore */; };
		05FEA7A92B8BF4E600C81A8C /* Color.swift in Sources */ = {isa = PBXBuildFile; fileRef = 05FEA7A82B8BF4E600C81A8C /* Color.swift */; };
/* End PBXBuildFile section */

/* Begin PBXFileReference section */
		05238D392BA755A700F65161 /* ExtensionCollectionView.swift */ = {isa = PBXFileReference; lastKnownFileType = sourcecode.swift; path = ExtensionCollectionView.swift; sourceTree = "<group>"; };
		05238D3F2BA82A8A00F65161 /* ScreenDetailsControllerView.swift */ = {isa = PBXFileReference; lastKnownFileType = sourcecode.swift; path = ScreenDetailsControllerView.swift; sourceTree = "<group>"; };
		053F2FE72B98872500FFBB5F /* CollectionViewCell.swift */ = {isa = PBXFileReference; lastKnownFileType = sourcecode.swift; path = CollectionViewCell.swift; sourceTree = "<group>"; };
		0545D7C42B9B18BF009E55F5 /* Localizable.strings */ = {isa = PBXFileReference; lastKnownFileType = text.plist.strings; path = Localizable.strings; sourceTree = "<group>"; };
		0545D7C62B9B1F22009E55F5 /* Inter-Bold.otf */ = {isa = PBXFileReference; lastKnownFileType = file; path = "Inter-Bold.otf"; sourceTree = "<group>"; };
		0545D7C82B9B1F35009E55F5 /* Inter-Regular.otf */ = {isa = PBXFileReference; lastKnownFileType = file; path = "Inter-Regular.otf"; sourceTree = "<group>"; };
		0551C6562B9AA5A500B6881A /* CustomLayout.swift */ = {isa = PBXFileReference; lastKnownFileType = sourcecode.swift; path = CustomLayout.swift; sourceTree = "<group>"; };
		055853682B9AFCAA0046CA09 /* CollectionView.swift */ = {isa = PBXFileReference; lastKnownFileType = sourcecode.swift; path = CollectionView.swift; sourceTree = "<group>"; };
		059611672BA6CA4000E1BA02 /* ExtensionUIImage.swift */ = {isa = PBXFileReference; lastKnownFileType = sourcecode.swift; path = ExtensionUIImage.swift; sourceTree = "<group>"; };
		05A35E1C2B98483300E002EB /* FontSize.swift */ = {isa = PBXFileReference; lastKnownFileType = sourcecode.swift; path = FontSize.swift; sourceTree = "<group>"; };
		05A35E312B986CC500E002EB /* Cards.swift */ = {isa = PBXFileReference; lastKnownFileType = sourcecode.swift; path = Cards.swift; sourceTree = "<group>"; };
		05A44C742B9B2ECA00DDF0D9 /* TriangleView.swift */ = {isa = PBXFileReference; lastKnownFileType = sourcecode.swift; path = TriangleView.swift; sourceTree = "<group>"; };
		05FEA78C2B8BBD5C00C81A8C /* MarvelEffective.app */ = {isa = PBXFileReference; explicitFileType = wrapper.application; includeInIndex = 0; path = MarvelEffective.app; sourceTree = BUILT_PRODUCTS_DIR; };
		05FEA78F2B8BBD5C00C81A8C /* AppDelegate.swift */ = {isa = PBXFileReference; lastKnownFileType = sourcecode.swift; path = AppDelegate.swift; sourceTree = "<group>"; };
		05FEA7912B8BBD5C00C81A8C /* SceneDelegate.swift */ = {isa = PBXFileReference; lastKnownFileType = sourcecode.swift; path = SceneDelegate.swift; sourceTree = "<group>"; };
		05FEA7932B8BBD5C00C81A8C /* ViewController.swift */ = {isa = PBXFileReference; lastKnownFileType = sourcecode.swift; path = ViewController.swift; sourceTree = "<group>"; };
		05FEA7982B8BBD5D00C81A8C /* Assets.xcassets */ = {isa = PBXFileReference; lastKnownFileType = folder.assetcatalog; path = Assets.xcassets; sourceTree = "<group>"; };
		05FEA79D2B8BBD5D00C81A8C /* Info.plist */ = {isa = PBXFileReference; lastKnownFileType = text.plist.xml; path = Info.plist; sourceTree = "<group>"; };
		05FEA7A32B8BBE3400C81A8C /* .gitignore */ = {isa = PBXFileReference; lastKnownFileType = text; path = .gitignore; sourceTree = "<group>"; };
		05FEA7A82B8BF4E600C81A8C /* Color.swift */ = {isa = PBXFileReference; lastKnownFileType = sourcecode.swift; path = Color.swift; sourceTree = "<group>"; };
/* End PBXFileReference section */

/* Begin PBXFrameworksBuildPhase section */
		05FEA7892B8BBD5C00C81A8C /* Frameworks */ = {
			isa = PBXFrameworksBuildPhase;
			buildActionMask = 2147483647;
			files = (
				05238D3D2BA7BBB600F65161 /* Kingfisher in Frameworks */,
			);
			runOnlyForDeploymentPostprocessing = 0;
		};
/* End PBXFrameworksBuildPhase section */

/* Begin PBXGroup section */
		05238D3E2BA82A6000F65161 /* ViewControllers */ = {
			isa = PBXGroup;
			children = (
				05FEA7932B8BBD5C00C81A8C /* ViewController.swift */,
				05238D3F2BA82A8A00F65161 /* ScreenDetailsControllerView.swift */,
			);
			path = ViewControllers;
			sourceTree = "<group>";
		};
		0551C6552B9AA58C00B6881A /* Layouts */ = {
			isa = PBXGroup;
			children = (
				0551C6562B9AA5A500B6881A /* CustomLayout.swift */,
			);
			path = Layouts;
			sourceTree = "<group>";
		};
		059611662BA6CA0C00E1BA02 /* Extension */ = {
			isa = PBXGroup;
			children = (
				059611672BA6CA4000E1BA02 /* ExtensionUIImage.swift */,
				05238D392BA755A700F65161 /* ExtensionCollectionView.swift */,
			);
			path = Extension;
			sourceTree = "<group>";
		};
		05A35E302B986CA700E002EB /* ModelView */ = {
			isa = PBXGroup;
			children = (
				05A35E312B986CC500E002EB /* Cards.swift */,
			);
			path = ModelView;
			sourceTree = "<group>";
		};
		05FEA7832B8BBD5C00C81A8C = {
			isa = PBXGroup;
			children = (
				05FEA7A32B8BBE3400C81A8C /* .gitignore */,
				05FEA78E2B8BBD5C00C81A8C /* MarvelEffective */,
				05FEA78D2B8BBD5C00C81A8C /* Products */,
			);
			sourceTree = "<group>";
		};
		05FEA78D2B8BBD5C00C81A8C /* Products */ = {
			isa = PBXGroup;
			children = (
				05FEA78C2B8BBD5C00C81A8C /* MarvelEffective.app */,
			);
			name = Products;
			sourceTree = "<group>";
		};
		05FEA78E2B8BBD5C00C81A8C /* MarvelEffective */ = {
			isa = PBXGroup;
			children = (
				05238D3E2BA82A6000F65161 /* ViewControllers */,
				059611662BA6CA0C00E1BA02 /* Extension */,
				0551C6552B9AA58C00B6881A /* Layouts */,
				05A35E302B986CA700E002EB /* ModelView */,
				05FEA7AD2B98431100C81A8C /* Fonts */,
				05FEA7A72B8BF4CF00C81A8C /* LocalTools */,
				05FEA78F2B8BBD5C00C81A8C /* AppDelegate.swift */,
				05FEA7AA2B8C2ACA00C81A8C /* Views */,
				05FEA7912B8BBD5C00C81A8C /* SceneDelegate.swift */,
				05FEA7982B8BBD5D00C81A8C /* Assets.xcassets */,
				05FEA79D2B8BBD5D00C81A8C /* Info.plist */,
			);
			path = MarvelEffective;
			sourceTree = "<group>";
		};
		05FEA7A72B8BF4CF00C81A8C /* LocalTools */ = {
			isa = PBXGroup;
			children = (
				05FEA7A82B8BF4E600C81A8C /* Color.swift */,
				05A35E1C2B98483300E002EB /* FontSize.swift */,
				0545D7C42B9B18BF009E55F5 /* Localizable.strings */,
			);
			path = LocalTools;
			sourceTree = "<group>";
		};
		05FEA7AA2B8C2ACA00C81A8C /* Views */ = {
			isa = PBXGroup;
			children = (
				053F2FE72B98872500FFBB5F /* CollectionViewCell.swift */,
				055853682B9AFCAA0046CA09 /* CollectionView.swift */,
				05A44C742B9B2ECA00DDF0D9 /* TriangleView.swift */,
			);
			path = Views;
			sourceTree = "<group>";
		};
		05FEA7AD2B98431100C81A8C /* Fonts */ = {
			isa = PBXGroup;
			children = (
				0545D7C62B9B1F22009E55F5 /* Inter-Bold.otf */,
				0545D7C82B9B1F35009E55F5 /* Inter-Regular.otf */,
			);
			path = Fonts;
			sourceTree = "<group>";
		};
/* End PBXGroup section */

/* Begin PBXNativeTarget section */
		05FEA78B2B8BBD5C00C81A8C /* MarvelEffective */ = {
			isa = PBXNativeTarget;
			buildConfigurationList = 05FEA7A02B8BBD5D00C81A8C /* Build configuration list for PBXNativeTarget "MarvelEffective" */;
			buildPhases = (
				05FEA7882B8BBD5C00C81A8C /* Sources */,
				05FEA7892B8BBD5C00C81A8C /* Frameworks */,
				05FEA78A2B8BBD5C00C81A8C /* Resources */,
			);
			buildRules = (
			);
			dependencies = (
			);
			name = MarvelEffective;
			packageProductDependencies = (
				05238D3C2BA7BBB600F65161 /* Kingfisher */,
			);
			productName = MarvelEffective;
			productReference = 05FEA78C2B8BBD5C00C81A8C /* MarvelEffective.app */;
			productType = "com.apple.product-type.application";
		};
/* End PBXNativeTarget section */

/* Begin PBXProject section */
		05FEA7842B8BBD5C00C81A8C /* Project object */ = {
			isa = PBXProject;
			attributes = {
				BuildIndependentTargetsInParallel = 1;
				LastSwiftUpdateCheck = 1520;
				LastUpgradeCheck = 1520;
				TargetAttributes = {
					05FEA78B2B8BBD5C00C81A8C = {
						CreatedOnToolsVersion = 15.2;
					};
				};
			};
			buildConfigurationList = 05FEA7872B8BBD5C00C81A8C /* Build configuration list for PBXProject "MarvelEffective" */;
			compatibilityVersion = "Xcode 14.0";
			developmentRegion = en;
			hasScannedForEncodings = 0;
			knownRegions = (
				en,
				"en-GB",
				Base,
			);
			mainGroup = 05FEA7832B8BBD5C00C81A8C;
			packageReferences = (
				05238D3B2BA7BBB600F65161 /* XCRemoteSwiftPackageReference "Kingfisher" */,
			);
			productRefGroup = 05FEA78D2B8BBD5C00C81A8C /* Products */;
			projectDirPath = "";
			projectRoot = "";
			targets = (
				05FEA78B2B8BBD5C00C81A8C /* MarvelEffective */,
			);
		};
/* End PBXProject section */

/* Begin PBXResourcesBuildPhase section */
		05FEA78A2B8BBD5C00C81A8C /* Resources */ = {
			isa = PBXResourcesBuildPhase;
			buildActionMask = 2147483647;
			files = (
				05FEA7A42B8BBE3400C81A8C /* .gitignore in Resources */,
				0545D7C92B9B1F35009E55F5 /* Inter-Regular.otf in Resources */,
				0545D7C72B9B1F22009E55F5 /* Inter-Bold.otf in Resources */,
				0545D7C52B9B18BF009E55F5 /* Localizable.strings in Resources */,
				05FEA7992B8BBD5D00C81A8C /* Assets.xcassets in Resources */,
			);
			runOnlyForDeploymentPostprocessing = 0;
		};
/* End PBXResourcesBuildPhase section */

/* Begin PBXSourcesBuildPhase section */
		05FEA7882B8BBD5C00C81A8C /* Sources */ = {
			isa = PBXSourcesBuildPhase;
			buildActionMask = 2147483647;
			files = (
				05A44C752B9B2ECA00DDF0D9 /* TriangleView.swift in Sources */,
				05FEA7942B8BBD5C00C81A8C /* ViewController.swift in Sources */,
				05A35E1D2B98483300E002EB /* FontSize.swift in Sources */,
				055853692B9AFCAA0046CA09 /* CollectionView.swift in Sources */,
				053F2FE82B98872500FFBB5F /* CollectionViewCell.swift in Sources */,
				05FEA7A92B8BF4E600C81A8C /* Color.swift in Sources */,
				05238D402BA82A8A00F65161 /* ScreenDetailsControllerView.swift in Sources */,
				0551C6572B9AA5A500B6881A /* CustomLayout.swift in Sources */,
				059611682BA6CA4000E1BA02 /* ExtensionUIImage.swift in Sources */,
				05238D3A2BA755A700F65161 /* ExtensionCollectionView.swift in Sources */,
				05A35E322B986CC500E002EB /* Cards.swift in Sources */,
				05FEA7902B8BBD5C00C81A8C /* AppDelegate.swift in Sources */,
				05FEA7922B8BBD5C00C81A8C /* SceneDelegate.swift in Sources */,
			);
			runOnlyForDeploymentPostprocessing = 0;
		};
/* End PBXSourcesBuildPhase section */

/* Begin XCBuildConfiguration section */
		05FEA79E2B8BBD5D00C81A8C /* Debug */ = {
			isa = XCBuildConfiguration;
			buildSettings = {
				ALWAYS_SEARCH_USER_PATHS = NO;
				ASSETCATALOG_COMPILER_GENERATE_SWIFT_ASSET_SYMBOL_EXTENSIONS = YES;
				CLANG_ANALYZER_LOCALIZABILITY_NONLOCALIZED = YES;
				CLANG_ANALYZER_NONNULL = YES;
				CLANG_ANALYZER_NUMBER_OBJECT_CONVERSION = YES_AGGRESSIVE;
				CLANG_CXX_LANGUAGE_STANDARD = "gnu++20";
				CLANG_ENABLE_MODULES = YES;
				CLANG_ENABLE_OBJC_ARC = YES;
				CLANG_ENABLE_OBJC_WEAK = YES;
				CLANG_WARN_BLOCK_CAPTURE_AUTORELEASING = YES;
				CLANG_WARN_BOOL_CONVERSION = YES;
				CLANG_WARN_COMMA = YES;
				CLANG_WARN_CONSTANT_CONVERSION = YES;
				CLANG_WARN_DEPRECATED_OBJC_IMPLEMENTATIONS = YES;
				CLANG_WARN_DIRECT_OBJC_ISA_USAGE = YES_ERROR;
				CLANG_WARN_DOCUMENTATION_COMMENTS = YES;
				CLANG_WARN_EMPTY_BODY = YES;
				CLANG_WARN_ENUM_CONVERSION = YES;
				CLANG_WARN_INFINITE_RECURSION = YES;
				CLANG_WARN_INT_CONVERSION = YES;
				CLANG_WARN_NON_LITERAL_NULL_CONVERSION = YES;
				CLANG_WARN_OBJC_IMPLICIT_RETAIN_SELF = YES;
				CLANG_WARN_OBJC_LITERAL_CONVERSION = YES;
				CLANG_WARN_OBJC_ROOT_CLASS = YES_ERROR;
				CLANG_WARN_QUOTED_INCLUDE_IN_FRAMEWORK_HEADER = YES;
				CLANG_WARN_RANGE_LOOP_ANALYSIS = YES;
				CLANG_WARN_STRICT_PROTOTYPES = YES;
				CLANG_WARN_SUSPICIOUS_MOVE = YES;
				CLANG_WARN_UNGUARDED_AVAILABILITY = YES_AGGRESSIVE;
				CLANG_WARN_UNREACHABLE_CODE = YES;
				CLANG_WARN__DUPLICATE_METHOD_MATCH = YES;
				COPY_PHASE_STRIP = NO;
				DEBUG_INFORMATION_FORMAT = dwarf;
				ENABLE_STRICT_OBJC_MSGSEND = YES;
				ENABLE_TESTABILITY = YES;
				ENABLE_USER_SCRIPT_SANDBOXING = YES;
				GCC_C_LANGUAGE_STANDARD = gnu17;
				GCC_DYNAMIC_NO_PIC = NO;
				GCC_NO_COMMON_BLOCKS = YES;
				GCC_OPTIMIZATION_LEVEL = 0;
				GCC_PREPROCESSOR_DEFINITIONS = (
					"DEBUG=1",
					"$(inherited)",
				);
				GCC_WARN_64_TO_32_BIT_CONVERSION = YES;
				GCC_WARN_ABOUT_RETURN_TYPE = YES_ERROR;
				GCC_WARN_UNDECLARED_SELECTOR = YES;
				GCC_WARN_UNINITIALIZED_AUTOS = YES_AGGRESSIVE;
				GCC_WARN_UNUSED_FUNCTION = YES;
				GCC_WARN_UNUSED_VARIABLE = YES;
				IPHONEOS_DEPLOYMENT_TARGET = 17.2;
				LOCALIZATION_PREFERS_STRING_CATALOGS = YES;
				MTL_ENABLE_DEBUG_INFO = INCLUDE_SOURCE;
				MTL_FAST_MATH = YES;
				ONLY_ACTIVE_ARCH = YES;
				SDKROOT = iphoneos;
				SWIFT_ACTIVE_COMPILATION_CONDITIONS = "DEBUG $(inherited)";
				SWIFT_OPTIMIZATION_LEVEL = "-Onone";
			};
			name = Debug;
		};
		05FEA79F2B8BBD5D00C81A8C /* Release */ = {
			isa = XCBuildConfiguration;
			buildSettings = {
				ALWAYS_SEARCH_USER_PATHS = NO;
				ASSETCATALOG_COMPILER_GENERATE_SWIFT_ASSET_SYMBOL_EXTENSIONS = YES;
				CLANG_ANALYZER_LOCALIZABILITY_NONLOCALIZED = YES;
				CLANG_ANALYZER_NONNULL = YES;
				CLANG_ANALYZER_NUMBER_OBJECT_CONVERSION = YES_AGGRESSIVE;
				CLANG_CXX_LANGUAGE_STANDARD = "gnu++20";
				CLANG_ENABLE_MODULES = YES;
				CLANG_ENABLE_OBJC_ARC = YES;
				CLANG_ENABLE_OBJC_WEAK = YES;
				CLANG_WARN_BLOCK_CAPTURE_AUTORELEASING = YES;
				CLANG_WARN_BOOL_CONVERSION = YES;
				CLANG_WARN_COMMA = YES;
				CLANG_WARN_CONSTANT_CONVERSION = YES;
				CLANG_WARN_DEPRECATED_OBJC_IMPLEMENTATIONS = YES;
				CLANG_WARN_DIRECT_OBJC_ISA_USAGE = YES_ERROR;
				CLANG_WARN_DOCUMENTATION_COMMENTS = YES;
				CLANG_WARN_EMPTY_BODY = YES;
				CLANG_WARN_ENUM_CONVERSION = YES;
				CLANG_WARN_INFINITE_RECURSION = YES;
				CLANG_WARN_INT_CONVERSION = YES;
				CLANG_WARN_NON_LITERAL_NULL_CONVERSION = YES;
				CLANG_WARN_OBJC_IMPLICIT_RETAIN_SELF = YES;
				CLANG_WARN_OBJC_LITERAL_CONVERSION = YES;
				CLANG_WARN_OBJC_ROOT_CLASS = YES_ERROR;
				CLANG_WARN_QUOTED_INCLUDE_IN_FRAMEWORK_HEADER = YES;
				CLANG_WARN_RANGE_LOOP_ANALYSIS = YES;
				CLANG_WARN_STRICT_PROTOTYPES = YES;
				CLANG_WARN_SUSPICIOUS_MOVE = YES;
				CLANG_WARN_UNGUARDED_AVAILABILITY = YES_AGGRESSIVE;
				CLANG_WARN_UNREACHABLE_CODE = YES;
				CLANG_WARN__DUPLICATE_METHOD_MATCH = YES;
				COPY_PHASE_STRIP = NO;
				DEBUG_INFORMATION_FORMAT = "dwarf-with-dsym";
				ENABLE_NS_ASSERTIONS = NO;
				ENABLE_STRICT_OBJC_MSGSEND = YES;
				ENABLE_USER_SCRIPT_SANDBOXING = YES;
				GCC_C_LANGUAGE_STANDARD = gnu17;
				GCC_NO_COMMON_BLOCKS = YES;
				GCC_WARN_64_TO_32_BIT_CONVERSION = YES;
				GCC_WARN_ABOUT_RETURN_TYPE = YES_ERROR;
				GCC_WARN_UNDECLARED_SELECTOR = YES;
				GCC_WARN_UNINITIALIZED_AUTOS = YES_AGGRESSIVE;
				GCC_WARN_UNUSED_FUNCTION = YES;
				GCC_WARN_UNUSED_VARIABLE = YES;
				IPHONEOS_DEPLOYMENT_TARGET = 17.2;
				LOCALIZATION_PREFERS_STRING_CATALOGS = YES;
				MTL_ENABLE_DEBUG_INFO = NO;
				MTL_FAST_MATH = YES;
				SDKROOT = iphoneos;
				SWIFT_COMPILATION_MODE = wholemodule;
				VALIDATE_PRODUCT = YES;
			};
			name = Release;
		};
		05FEA7A12B8BBD5D00C81A8C /* Debug */ = {
			isa = XCBuildConfiguration;
			buildSettings = {
				ASSETCATALOG_COMPILER_APPICON_NAME = AppIcon;
				ASSETCATALOG_COMPILER_GLOBAL_ACCENT_COLOR_NAME = AccentColor;
				CODE_SIGN_STYLE = Automatic;
				CURRENT_PROJECT_VERSION = 1;
				GENERATE_INFOPLIST_FILE = YES;
				INFOPLIST_FILE = MarvelEffective/Info.plist;
				INFOPLIST_KEY_UIApplicationSupportsIndirectInputEvents = YES;
				INFOPLIST_KEY_UILaunchStoryboardName = LaunchScreen;
				INFOPLIST_KEY_UISupportedInterfaceOrientations_iPad = "UIInterfaceOrientationPortrait UIInterfaceOrientationPortraitUpsideDown UIInterfaceOrientationLandscapeLeft UIInterfaceOrientationLandscapeRight";
				INFOPLIST_KEY_UISupportedInterfaceOrientations_iPhone = "UIInterfaceOrientationPortrait UIInterfaceOrientationLandscapeLeft UIInterfaceOrientationLandscapeRight";
				LD_RUNPATH_SEARCH_PATHS = (
					"$(inherited)",
					"@executable_path/Frameworks",
				);
				MARKETING_VERSION = 1.0;
				PRODUCT_BUNDLE_IDENTIFIER = Nadi.MarvelEffective;
				PRODUCT_NAME = "$(TARGET_NAME)";
				SWIFT_EMIT_LOC_STRINGS = YES;
				SWIFT_VERSION = 5.0;
				TARGETED_DEVICE_FAMILY = "1,2";
			};
			name = Debug;
		};
		05FEA7A22B8BBD5D00C81A8C /* Release */ = {
			isa = XCBuildConfiguration;
			buildSettings = {
				ASSETCATALOG_COMPILER_APPICON_NAME = AppIcon;
				ASSETCATALOG_COMPILER_GLOBAL_ACCENT_COLOR_NAME = AccentColor;
				CODE_SIGN_STYLE = Automatic;
				CURRENT_PROJECT_VERSION = 1;
				GENERATE_INFOPLIST_FILE = YES;
				INFOPLIST_FILE = MarvelEffective/Info.plist;
				INFOPLIST_KEY_UIApplicationSupportsIndirectInputEvents = YES;
				INFOPLIST_KEY_UILaunchStoryboardName = LaunchScreen;
				INFOPLIST_KEY_UISupportedInterfaceOrientations_iPad = "UIInterfaceOrientationPortrait UIInterfaceOrientationPortraitUpsideDown UIInterfaceOrientationLandscapeLeft UIInterfaceOrientationLandscapeRight";
				INFOPLIST_KEY_UISupportedInterfaceOrientations_iPhone = "UIInterfaceOrientationPortrait UIInterfaceOrientationLandscapeLeft UIInterfaceOrientationLandscapeRight";
				LD_RUNPATH_SEARCH_PATHS = (
					"$(inherited)",
					"@executable_path/Frameworks",
				);
				MARKETING_VERSION = 1.0;
				PRODUCT_BUNDLE_IDENTIFIER = Nadi.MarvelEffective;
				PRODUCT_NAME = "$(TARGET_NAME)";
				SWIFT_EMIT_LOC_STRINGS = YES;
				SWIFT_VERSION = 5.0;
				TARGETED_DEVICE_FAMILY = "1,2";
			};
			name = Release;
		};
/* End XCBuildConfiguration section */

/* Begin XCConfigurationList section */
		05FEA7872B8BBD5C00C81A8C /* Build configuration list for PBXProject "MarvelEffective" */ = {
			isa = XCConfigurationList;
			buildConfigurations = (
				05FEA79E2B8BBD5D00C81A8C /* Debug */,
				05FEA79F2B8BBD5D00C81A8C /* Release */,
			);
			defaultConfigurationIsVisible = 0;
			defaultConfigurationName = Release;
		};
		05FEA7A02B8BBD5D00C81A8C /* Build configuration list for PBXNativeTarget "MarvelEffective" */ = {
			isa = XCConfigurationList;
			buildConfigurations = (
				05FEA7A12B8BBD5D00C81A8C /* Debug */,
				05FEA7A22B8BBD5D00C81A8C /* Release */,
			);
			defaultConfigurationIsVisible = 0;
			defaultConfigurationName = Release;
		};
/* End XCConfigurationList section */

/* Begin XCRemoteSwiftPackageReference section */
		05238D3B2BA7BBB600F65161 /* XCRemoteSwiftPackageReference "Kingfisher" */ = {
			isa = XCRemoteSwiftPackageReference;
			repositoryURL = "https://github.com/onevcat/Kingfisher.git";
			requirement = {
				kind = upToNextMajorVersion;
				minimumVersion = 7.11.0;
			};
		};
/* End XCRemoteSwiftPackageReference section */

/* Begin XCSwiftPackageProductDependency section */
		05238D3C2BA7BBB600F65161 /* Kingfisher */ = {
			isa = XCSwiftPackageProductDependency;
			package = 05238D3B2BA7BBB600F65161 /* XCRemoteSwiftPackageReference "Kingfisher" */;
			productName = Kingfisher;
		};
/* End XCSwiftPackageProductDependency section */
	};
	rootObject = 05FEA7842B8BBD5C00C81A8C /* Project object */;
}
